
Microsoft Visual Studio Solution File, Format Version 12.00
# Visual Studio Version 16
VisualStudioVersion = 16.0.30011.22
MinimumVisualStudioVersion = 10.0.40219.1
Project("{9A19103F-16F7-4668-BE54-9A1E7A4F7556}") = "DatingApp.Api", "DatingApp.Api.csproj", "{F17BA7B8-CA57-4B79-B61D-7FBEAFFEA01B}"
EndProject
Global
	GlobalSection(SolutionConfigurationPlatforms) = preSolution
		Debug|Any CPU = Debug|Any CPU
		Release|Any CPU = Release|Any CPU
	EndGlobalSection
	GlobalSection(ProjectConfigurationPlatforms) = postSolution
		{F17BA7B8-CA57-4B79-B61D-7FBEAFFEA01B}.Debug|Any CPU.ActiveCfg = Debug|Any CPU
		{F17BA7B8-CA57-4B79-B61D-7FBEAFFEA01B}.Debug|Any CPU.Build.0 = Debug|Any CPU
		{F17BA7B8-CA57-4B79-B61D-7FBEAFFEA01B}.Release|Any CPU.ActiveCfg = Release|Any CPU
		{F17BA7B8-CA57-4B79-B61D-7FBEAFFEA01B}.Release|Any CPU.Build.0 = Release|Any CPU
	EndGlobalSection
	GlobalSection(SolutionProperties) = preSolution
		HideSolutionNode = FALSE
	EndGlobalSection
	GlobalSection(ExtensibilityGlobals) = postSolution
		SolutionGuid = {55B74D07-3F16-4CBA-A713-4337DAFBBA54}
	EndGlobalSection
EndGlobal
